// !$*UTF8*$!
{
	archiveVersion = 1;
	classes = {
	};
	objectVersion = 50;
	objects = {

/* Begin PBXBuildFile section */
		8269374322560D1600AEAD82 /* AppDelegate.swift in Sources */ = {isa = PBXBuildFile; fileRef = 8269374222560D1600AEAD82 /* AppDelegate.swift */; };
		8269374522560D1600AEAD82 /* ItemViewController.swift in Sources */ = {isa = PBXBuildFile; fileRef = 8269374422560D1600AEAD82 /* ItemViewController.swift */; };
		8269374822560D1600AEAD82 /* Main.storyboard in Resources */ = {isa = PBXBuildFile; fileRef = 8269374622560D1600AEAD82 /* Main.storyboard */; };
		8269374A22560D1700AEAD82 /* Assets.xcassets in Resources */ = {isa = PBXBuildFile; fileRef = 8269374922560D1700AEAD82 /* Assets.xcassets */; };
		8269374D22560D1700AEAD82 /* LaunchScreen.storyboard in Resources */ = {isa = PBXBuildFile; fileRef = 8269374B22560D1700AEAD82 /* LaunchScreen.storyboard */; };
		8269375822560D1700AEAD82 /* HW4Tests.swift in Sources */ = {isa = PBXBuildFile; fileRef = 8269375722560D1700AEAD82 /* HW4Tests.swift */; };
		8269376322560D1700AEAD82 /* HW4UITests.swift in Sources */ = {isa = PBXBuildFile; fileRef = 8269376222560D1700AEAD82 /* HW4UITests.swift */; };
		8299C97922566752000B7775 /* TableViewCell.swift in Sources */ = {isa = PBXBuildFile; fileRef = 8299C97822566752000B7775 /* TableViewCell.swift */; };
/* End PBXBuildFile section */

/* Begin PBXContainerItemProxy section */
		8269375422560D1700AEAD82 /* PBXContainerItemProxy */ = {
			isa = PBXContainerItemProxy;
			containerPortal = 8269373722560D1600AEAD82 /* Project object */;
			proxyType = 1;
			remoteGlobalIDString = 8269373E22560D1600AEAD82;
			remoteInfo = HW4;
		};
		8269375F22560D1700AEAD82 /* PBXContainerItemProxy */ = {
			isa = PBXContainerItemProxy;
			containerPortal = 8269373722560D1600AEAD82 /* Project object */;
			proxyType = 1;
			remoteGlobalIDString = 8269373E22560D1600AEAD82;
			remoteInfo = HW4;
		};
/* End PBXContainerItemProxy section */

/* Begin PBXFileReference section */
		8269373F22560D1600AEAD82 /* HW4.app */ = {isa = PBXFileReference; explicitFileType = wrapper.application; includeInIndex = 0; path = HW4.app; sourceTree = BUILT_PRODUCTS_DIR; };
		8269374222560D1600AEAD82 /* AppDelegate.swift */ = {isa = PBXFileReference; lastKnownFileType = sourcecode.swift; path = AppDelegate.swift; sourceTree = "<group>"; };
		8269374422560D1600AEAD82 /* ItemViewController.swift */ = {isa = PBXFileReference; lastKnownFileType = sourcecode.swift; path = ItemViewController.swift; sourceTree = "<group>"; };
		8269374722560D1600AEAD82 /* Base */ = {isa = PBXFileReference; lastKnownFileType = file.storyboard; name = Base; path = Base.lproj/Main.storyboard; sourceTree = "<group>"; };
		8269374922560D1700AEAD82 /* Assets.xcassets */ = {isa = PBXFileReference; lastKnownFileType = folder.assetcatalog; path = Assets.xcassets; sourceTree = "<group>"; };
		8269374C22560D1700AEAD82 /* Base */ = {isa = PBXFileReference; lastKnownFileType = file.storyboard; name = Base; path = Base.lproj/LaunchScreen.storyboard; sourceTree = "<group>"; };
		8269374E22560D1700AEAD82 /* Info.plist */ = {isa = PBXFileReference; lastKnownFileType = text.plist.xml; path = Info.plist; sourceTree = "<group>"; };
		8269375322560D1700AEAD82 /* HW4Tests.xctest */ = {isa = PBXFileReference; explicitFileType = wrapper.cfbundle; includeInIndex = 0; path = HW4Tests.xctest; sourceTree = BUILT_PRODUCTS_DIR; };
		8269375722560D1700AEAD82 /* HW4Tests.swift */ = {isa = PBXFileReference; lastKnownFileType = sourcecode.swift; path = HW4Tests.swift; sourceTree = "<group>"; };
		8269375922560D1700AEAD82 /* Info.plist */ = {isa = PBXFileReference; lastKnownFileType = text.plist.xml; path = Info.plist; sourceTree = "<group>"; };
		8269375E22560D1700AEAD82 /* HW4UITests.xctest */ = {isa = PBXFileReference; explicitFileType = wrapper.cfbundle; includeInIndex = 0; path = HW4UITests.xctest; sourceTree = BUILT_PRODUCTS_DIR; };
		8269376222560D1700AEAD82 /* HW4UITests.swift */ = {isa = PBXFileReference; lastKnownFileType = sourcecode.swift; path = HW4UITests.swift; sourceTree = "<group>"; };
		8269376422560D1700AEAD82 /* Info.plist */ = {isa = PBXFileReference; lastKnownFileType = text.plist.xml; path = Info.plist; sourceTree = "<group>"; };
		8299C97822566752000B7775 /* TableViewCell.swift */ = {isa = PBXFileReference; lastKnownFileType = sourcecode.swift; path = TableViewCell.swift; sourceTree = "<group>"; };
/* End PBXFileReference section */

/* Begin PBXFrameworksBuildPhase section */
		8269373C22560D1600AEAD82 /* Frameworks */ = {
			isa = PBXFrameworksBuildPhase;
			buildActionMask = 2147483647;
			files = (
			);
			runOnlyForDeploymentPostprocessing = 0;
		};
		8269375022560D1700AEAD82 /* Frameworks */ = {
			isa = PBXFrameworksBuildPhase;
			buildActionMask = 2147483647;
			files = (
			);
			runOnlyForDeploymentPostprocessing = 0;
		};
		8269375B22560D1700AEAD82 /* Frameworks */ = {
			isa = PBXFrameworksBuildPhase;
			buildActionMask = 2147483647;
			files = (
			);
			runOnlyForDeploymentPostprocessing = 0;
		};
/* End PBXFrameworksBuildPhase section */

/* Begin PBXGroup section */
		8269373622560D1600AEAD82 = {
			isa = PBXGroup;
			children = (
				8269374122560D1600AEAD82 /* HW4 */,
				8269375622560D1700AEAD82 /* HW4Tests */,
				8269376122560D1700AEAD82 /* HW4UITests */,
				8269374022560D1600AEAD82 /* Products */,
			);
			sourceTree = "<group>";
		};
		8269374022560D1600AEAD82 /* Products */ = {
			isa = PBXGroup;
			children = (
				8269373F22560D1600AEAD82 /* HW4.app */,
				8269375322560D1700AEAD82 /* HW4Tests.xctest */,
				8269375E22560D1700AEAD82 /* HW4UITests.xctest */,
			);
			name = Products;
			sourceTree = "<group>";
		};
		8269374122560D1600AEAD82 /* HW4 */ = {
			isa = PBXGroup;
			children = (
				8269374222560D1600AEAD82 /* AppDelegate.swift */,
				8269374422560D1600AEAD82 /* ItemViewController.swift */,
				8269374622560D1600AEAD82 /* Main.storyboard */,
				8269374922560D1700AEAD82 /* Assets.xcassets */,
				8269374B22560D1700AEAD82 /* LaunchScreen.storyboard */,
				8269374E22560D1700AEAD82 /* Info.plist */,
				8299C97822566752000B7775 /* TableViewCell.swift */,
			);
			path = HW4;
			sourceTree = "<group>";
		};
		8269375622560D1700AEAD82 /* HW4Tests */ = {
			isa = PBXGroup;
			children = (
				8269375722560D1700AEAD82 /* HW4Tests.swift */,
				8269375922560D1700AEAD82 /* Info.plist */,
			);
			path = HW4Tests;
			sourceTree = "<group>";
		};
		8269376122560D1700AEAD82 /* HW4UITests */ = {
			isa = PBXGroup;
			children = (
				8269376222560D1700AEAD82 /* HW4UITests.swift */,
				8269376422560D1700AEAD82 /* Info.plist */,
			);
			path = HW4UITests;
			sourceTree = "<group>";
		};
/* End PBXGroup section */

/* Begin PBXNativeTarget section */
		8269373E22560D1600AEAD82 /* HW4 */ = {
			isa = PBXNativeTarget;
			buildConfigurationList = 8269376722560D1700AEAD82 /* Build configuration list for PBXNativeTarget "HW4" */;
			buildPhases = (
				8269373B22560D1600AEAD82 /* Sources */,
				8269373C22560D1600AEAD82 /* Frameworks */,
				8269373D22560D1600AEAD82 /* Resources */,
			);
			buildRules = (
			);
			dependencies = (
			);
			name = HW4;
			productName = HW4;
			productReference = 8269373F22560D1600AEAD82 /* HW4.app */;
			productType = "com.apple.product-type.application";
		};
		8269375222560D1700AEAD82 /* HW4Tests */ = {
			isa = PBXNativeTarget;
			buildConfigurationList = 8269376A22560D1700AEAD82 /* Build configuration list for PBXNativeTarget "HW4Tests" */;
			buildPhases = (
				8269374F22560D1700AEAD82 /* Sources */,
				8269375022560D1700AEAD82 /* Frameworks */,
				8269375122560D1700AEAD82 /* Resources */,
			);
			buildRules = (
			);
			dependencies = (
				8269375522560D1700AEAD82 /* PBXTargetDependency */,
			);
			name = HW4Tests;
			productName = HW4Tests;
			productReference = 8269375322560D1700AEAD82 /* HW4Tests.xctest */;
			productType = "com.apple.product-type.bundle.unit-test";
		};
		8269375D22560D1700AEAD82 /* HW4UITests */ = {
			isa = PBXNativeTarget;
			buildConfigurationList = 8269376D22560D1700AEAD82 /* Build configuration list for PBXNativeTarget "HW4UITests" */;
			buildPhases = (
				8269375A22560D1700AEAD82 /* Sources */,
				8269375B22560D1700AEAD82 /* Frameworks */,
				8269375C22560D1700AEAD82 /* Resources */,
			);
			buildRules = (
			);
			dependencies = (
				8269376022560D1700AEAD82 /* PBXTargetDependency */,
			);
			name = HW4UITests;
			productName = HW4UITests;
			productReference = 8269375E22560D1700AEAD82 /* HW4UITests.xctest */;
			productType = "com.apple.product-type.bundle.ui-testing";
		};
/* End PBXNativeTarget section */

/* Begin PBXProject section */
		8269373722560D1600AEAD82 /* Project object */ = {
			isa = PBXProject;
			attributes = {
				LastSwiftUpdateCheck = 1020;
				LastUpgradeCheck = 1020;
				ORGANIZATIONNAME = Jose;
				TargetAttributes = {
					8269373E22560D1600AEAD82 = {
						CreatedOnToolsVersion = 10.2;
					};
					8269375222560D1700AEAD82 = {
						CreatedOnToolsVersion = 10.2;
						TestTargetID = 8269373E22560D1600AEAD82;
					};
					8269375D22560D1700AEAD82 = {
						CreatedOnToolsVersion = 10.2;
						TestTargetID = 8269373E22560D1600AEAD82;
					};
				};
			};
			buildConfigurationList = 8269373A22560D1600AEAD82 /* Build configuration list for PBXProject "HW4" */;
			compatibilityVersion = "Xcode 9.3";
			developmentRegion = en;
			hasScannedForEncodings = 0;
			knownRegions = (
				en,
				Base,
			);
			mainGroup = 8269373622560D1600AEAD82;
			productRefGroup = 8269374022560D1600AEAD82 /* Products */;
			projectDirPath = "";
			projectRoot = "";
			targets = (
				8269373E22560D1600AEAD82 /* HW4 */,
				8269375222560D1700AEAD82 /* HW4Tests */,
				8269375D22560D1700AEAD82 /* HW4UITests */,
			);
		};
/* End PBXProject section */

/* Begin PBXResourcesBuildPhase section */
		8269373D22560D1600AEAD82 /* Resources */ = {
			isa = PBXResourcesBuildPhase;
			buildActionMask = 2147483647;
			files = (
				8269374D22560D1700AEAD82 /* LaunchScreen.storyboard in Resources */,
				8269374A22560D1700AEAD82 /* Assets.xcassets in Resources */,
				8269374822560D1600AEAD82 /* Main.storyboard in Resources */,
			);
			runOnlyForDeploymentPostprocessing = 0;
		};
		8269375122560D1700AEAD82 /* Resources */ = {
			isa = PBXResourcesBuildPhase;
			buildActionMask = 2147483647;
			files = (
			);
			runOnlyForDeploymentPostprocessing = 0;
		};
		8269375C22560D1700AEAD82 /* Resources */ = {
			isa = PBXResourcesBuildPhase;
			buildActionMask = 2147483647;
			files = (
			);
			runOnlyForDeploymentPostprocessing = 0;
		};
/* End PBXResourcesBuildPhase section */

/* Begin PBXSourcesBuildPhase section */
		8269373B22560D1600AEAD82 /* Sources */ = {
			isa = PBXSourcesBuildPhase;
			buildActionMask = 2147483647;
			files = (
				8299C97922566752000B7775 /* TableViewCell.swift in Sources */,
				8269374522560D1600AEAD82 /* ItemViewController.swift in Sources */,
				8269374322560D1600AEAD82 /* AppDelegate.swift in Sources */,
			);
			runOnlyForDeploymentPostprocessing = 0;
		};
		8269374F22560D1700AEAD82 /* Sources */ = {
			isa = PBXSourcesBuildPhase;
			buildActionMask = 2147483647;
			files = (
				8269375822560D1700AEAD82 /* HW4Tests.swift in Sources */,
			);
			runOnlyForDeploymentPostprocessing = 0;
		};
		8269375A22560D1700AEAD82 /* Sources */ = {
			isa = PBXSourcesBuildPhase;
			buildActionMask = 2147483647;
			files = (
				8269376322560D1700AEAD82 /* HW4UITests.swift in Sources */,
			);
			runOnlyForDeploymentPostprocessing = 0;
		};
/* End PBXSourcesBuildPhase section */

/* Begin PBXTargetDependency section */
		8269375522560D1700AEAD82 /* PBXTargetDependency */ = {
			isa = PBXTargetDependency;
			target = 8269373E22560D1600AEAD82 /* HW4 */;
			targetProxy = 8269375422560D1700AEAD82 /* PBXContainerItemProxy */;
		};
		8269376022560D1700AEAD82 /* PBXTargetDependency */ = {
			isa = PBXTargetDependency;
			target = 8269373E22560D1600AEAD82 /* HW4 */;
			targetProxy = 8269375F22560D1700AEAD82 /* PBXContainerItemProxy */;
		};
/* End PBXTargetDependency section */

/* Begin PBXVariantGroup section */
		8269374622560D1600AEAD82 /* Main.storyboard */ = {
			isa = PBXVariantGroup;
			children = (
				8269374722560D1600AEAD82 /* Base */,
			);
			indentWidth = 8;
			name = Main.storyboard;
			sourceTree = "<group>";
			tabWidth = 8;
		};
		8269374B22560D1700AEAD82 /* LaunchScreen.storyboard */ = {
			isa = PBXVariantGroup;
			children = (
				8269374C22560D1700AEAD82 /* Base */,
			);
			name = LaunchScreen.storyboard;
			sourceTree = "<group>";
		};
/* End PBXVariantGroup section */

/* Begin XCBuildConfiguration section */
		8269376522560D1700AEAD82 /* Debug */ = {
			isa = XCBuildConfiguration;
			buildSettings = {
				ALWAYS_SEARCH_USER_PATHS = NO;
				CLANG_ANALYZER_NONNULL = YES;
				CLANG_ANALYZER_NUMBER_OBJECT_CONVERSION = YES_AGGRESSIVE;
				CLANG_CXX_LANGUAGE_STANDARD = "gnu++14";
				CLANG_CXX_LIBRARY = "libc++";
				CLANG_ENABLE_MODULES = YES;
				CLANG_ENABLE_OBJC_ARC = YES;
				CLANG_ENABLE_OBJC_WEAK = YES;
				CLANG_WARN_BLOCK_CAPTURE_AUTORELEASING = YES;
				CLANG_WARN_BOOL_CONVERSION = YES;
				CLANG_WARN_COMMA = YES;
				CLANG_WARN_CONSTANT_CONVERSION = YES;
				CLANG_WARN_DEPRECATED_OBJC_IMPLEMENTATIONS = YES;
				CLANG_WARN_DIRECT_OBJC_ISA_USAGE = YES_ERROR;
				CLANG_WARN_DOCUMENTATION_COMMENTS = YES;
				CLANG_WARN_EMPTY_BODY = YES;
				CLANG_WARN_ENUM_CONVERSION = YES;
				CLANG_WARN_INFINITE_RECURSION = YES;
				CLANG_WARN_INT_CONVERSION = YES;
				CLANG_WARN_NON_LITERAL_NULL_CONVERSION = YES;
				CLANG_WARN_OBJC_IMPLICIT_RETAIN_SELF = YES;
				CLANG_WARN_OBJC_LITERAL_CONVERSION = YES;
				CLANG_WARN_OBJC_ROOT_CLASS = YES_ERROR;
				CLANG_WARN_RANGE_LOOP_ANALYSIS = YES;
				CLANG_WARN_STRICT_PROTOTYPES = YES;
				CLANG_WARN_SUSPICIOUS_MOVE = YES;
				CLANG_WARN_UNGUARDED_AVAILABILITY = YES_AGGRESSIVE;
				CLANG_WARN_UNREACHABLE_CODE = YES;
				CLANG_WARN__DUPLICATE_METHOD_MATCH = YES;
				CODE_SIGN_IDENTITY = "iPhone Developer";
				COPY_PHASE_STRIP = NO;
				DEBUG_INFORMATION_FORMAT = dwarf;
				ENABLE_STRICT_OBJC_MSGSEND = YES;
				ENABLE_TESTABILITY = YES;
				GCC_C_LANGUAGE_STANDARD = gnu11;
				GCC_DYNAMIC_NO_PIC = NO;
				GCC_NO_COMMON_BLOCKS = YES;
				GCC_OPTIMIZATION_LEVEL = 0;
				GCC_PREPROCESSOR_DEFINITIONS = (
					"DEBUG=1",
					"$(inherited)",
				);
				GCC_WARN_64_TO_32_BIT_CONVERSION = YES;
				GCC_WARN_ABOUT_RETURN_TYPE = YES_ERROR;
				GCC_WARN_UNDECLARED_SELECTOR = YES;
				GCC_WARN_UNINITIALIZED_AUTOS = YES_AGGRESSIVE;
				GCC_WARN_UNUSED_FUNCTION = YES;
				GCC_WARN_UNUSED_VARIABLE = YES;
				IPHONEOS_DEPLOYMENT_TARGET = 12.2;
				MTL_ENABLE_DEBUG_INFO = INCLUDE_SOURCE;
				MTL_FAST_MATH = YES;
				ONLY_ACTIVE_ARCH = YES;
				SDKROOT = iphoneos;
				SWIFT_ACTIVE_COMPILATION_CONDITIONS = DEBUG;
				SWIFT_OPTIMIZATION_LEVEL = "-Onone";
			};
			name = Debug;
		};
		8269376622560D1700AEAD82 /* Release */ = {
			isa = XCBuildConfiguration;
			buildSettings = {
				ALWAYS_SEARCH_USER_PATHS = NO;
				CLANG_ANALYZER_NONNULL = YES;
				CLANG_ANALYZER_NUMBER_OBJECT_CONVERSION = YES_AGGRESSIVE;
				CLANG_CXX_LANGUAGE_STANDARD = "gnu++14";
				CLANG_CXX_LIBRARY = "libc++";
				CLANG_ENABLE_MODULES = YES;
				CLANG_ENABLE_OBJC_ARC = YES;
				CLANG_ENABLE_OBJC_WEAK = YES;
				CLANG_WARN_BLOCK_CAPTURE_AUTORELEASING = YES;
				CLANG_WARN_BOOL_CONVERSION = YES;
				CLANG_WARN_COMMA = YES;
				CLANG_WARN_CONSTANT_CONVERSION = YES;
				CLANG_WARN_DEPRECATED_OBJC_IMPLEMENTATIONS = YES;
				CLANG_WARN_DIRECT_OBJC_ISA_USAGE = YES_ERROR;
				CLANG_WARN_DOCUMENTATION_COMMENTS = YES;
				CLANG_WARN_EMPTY_BODY = YES;
				CLANG_WARN_ENUM_CONVERSION = YES;
				CLANG_WARN_INFINITE_RECURSION = YES;
				CLANG_WARN_INT_CONVERSION = YES;
				CLANG_WARN_NON_LITERAL_NULL_CONVERSION = YES;
				CLANG_WARN_OBJC_IMPLICIT_RETAIN_SELF = YES;
				CLANG_WARN_OBJC_LITERAL_CONVERSION = YES;
				CLANG_WARN_OBJC_ROOT_CLASS = YES_ERROR;
				CLANG_WARN_RANGE_LOOP_ANALYSIS = YES;
				CLANG_WARN_STRICT_PROTOTYPES = YES;
				CLANG_WARN_SUSPICIOUS_MOVE = YES;
				CLANG_WARN_UNGUARDED_AVAILABILITY = YES_AGGRESSIVE;
				CLANG_WARN_UNREACHABLE_CODE = YES;
				CLANG_WARN__DUPLICATE_METHOD_MATCH = YES;
				CODE_SIGN_IDENTITY = "iPhone Developer";
				COPY_PHASE_STRIP = NO;
				DEBUG_INFORMATION_FORMAT = "dwarf-with-dsym";
				ENABLE_NS_ASSERTIONS = NO;
				ENABLE_STRICT_OBJC_MSGSEND = YES;
				GCC_C_LANGUAGE_STANDARD = gnu11;
				GCC_NO_COMMON_BLOCKS = YES;
				GCC_WARN_64_TO_32_BIT_CONVERSION = YES;
				GCC_WARN_ABOUT_RETURN_TYPE = YES_ERROR;
				GCC_WARN_UNDECLARED_SELECTOR = YES;
				GCC_WARN_UNINITIALIZED_AUTOS = YES_AGGRESSIVE;
				GCC_WARN_UNUSED_FUNCTION = YES;
				GCC_WARN_UNUSED_VARIABLE = YES;
				IPHONEOS_DEPLOYMENT_TARGET = 12.2;
				MTL_ENABLE_DEBUG_INFO = NO;
				MTL_FAST_MATH = YES;
				SDKROOT = iphoneos;
				SWIFT_COMPILATION_MODE = wholemodule;
				SWIFT_OPTIMIZATION_LEVEL = "-O";
				VALIDATE_PRODUCT = YES;
			};
			name = Release;
		};
		8269376822560D1700AEAD82 /* Debug */ = {
			isa = XCBuildConfiguration;
			buildSettings = {
				ASSETCATALOG_COMPILER_APPICON_NAME = AppIcon;
				CODE_SIGN_STYLE = Automatic;
				DEVELOPMENT_TEAM = 36N54NDT4Q;
				INFOPLIST_FILE = HW4/Info.plist;
				LD_RUNPATH_SEARCH_PATHS = (
					"$(inherited)",
					"@executable_path/Frameworks",
				);
				PRODUCT_BUNDLE_IDENTIFIER = "marti265-rangers.uwp.edu.HW4";
				PRODUCT_NAME = "$(TARGET_NAME)";
				SWIFT_VERSION = 5.0;
				TARGETED_DEVICE_FAMILY = "1,2";
			};
			name = Debug;
		};
		8269376922560D1700AEAD82 /* Release */ = {
			isa = XCBuildConfiguration;
			buildSettings = {
				ASSETCATALOG_COMPILER_APPICON_NAME = AppIcon;
				CODE_SIGN_STYLE = Automatic;
				DEVELOPMENT_TEAM = 36N54NDT4Q;
				INFOPLIST_FILE = HW4/Info.plist;
				LD_RUNPATH_SEARCH_PATHS = (
					"$(inherited)",
					"@executable_path/Frameworks",
				);
				PRODUCT_BUNDLE_IDENTIFIER = "marti265-rangers.uwp.edu.HW4";
				PRODUCT_NAME = "$(TARGET_NAME)";
				SWIFT_VERSION = 5.0;
				TARGETED_DEVICE_FAMILY = "1,2";
			};
			name = Release;
		};
		8269376B22560D1700AEAD82 /* Debug */ = {
			isa = XCBuildConfiguration;
			buildSettings = {
				ALWAYS_EMBED_SWIFT_STANDARD_LIBRARIES = YES;
				BUNDLE_LOADER = "$(TEST_HOST)";
				CODE_SIGN_STYLE = Automatic;
				DEVELOPMENT_TEAM = 36N54NDT4Q;
				INFOPLIST_FILE = HW4Tests/Info.plist;
				LD_RUNPATH_SEARCH_PATHS = (
					"$(inherited)",
					"@executable_path/Frameworks",
					"@loader_path/Frameworks",
				);
				PRODUCT_BUNDLE_IDENTIFIER = "marti265-rangers.uwp.edu.HW4Tests";
				PRODUCT_NAME = "$(TARGET_NAME)";
				SWIFT_VERSION = 5.0;
				TARGETED_DEVICE_FAMILY = "1,2";
				TEST_HOST = "$(BUILT_PRODUCTS_DIR)/HW4.app/HW4";
			};
			name = Debug;
		};
		8269376C22560D1700AEAD82 /* Release */ = {
			isa = XCBuildConfiguration;
			buildSettings = {
				ALWAYS_EMBED_SWIFT_STANDARD_LIBRARIES = YES;
				BUNDLE_LOADER = "$(TEST_HOST)";
				CODE_SIGN_STYLE = Automatic;
				DEVELOPMENT_TEAM = 36N54NDT4Q;
				INFOPLIST_FILE = HW4Tests/Info.plist;
				LD_RUNPATH_SEARCH_PATHS = (
					"$(inherited)",
					"@executable_path/Frameworks",
					"@loader_path/Frameworks",
				);
				PRODUCT_BUNDLE_IDENTIFIER = "marti265-rangers.uwp.edu.HW4Tests";
				PRODUCT_NAME = "$(TARGET_NAME)";
				SWIFT_VERSION = 5.0;
				TARGETED_DEVICE_FAMILY = "1,2";
				TEST_HOST = "$(BUILT_PRODUCTS_DIR)/HW4.app/HW4";
			};
			name = Release;
		};
		8269376E22560D1700AEAD82 /* Debug */ = {
			isa = XCBuildConfiguration;
			buildSettings = {
				ALWAYS_EMBED_SWIFT_STANDARD_LIBRARIES = YES;
				CODE_SIGN_STYLE = Automatic;
				DEVELOPMENT_TEAM = 36N54NDT4Q;
				INFOPLIST_FILE = HW4UITests/Info.plist;
				LD_RUNPATH_SEARCH_PATHS = (
					"$(inherited)",
					"@executable_path/Frameworks",
					"@loader_path/Frameworks",
				);
				PRODUCT_BUNDLE_IDENTIFIER = "marti265-rangers.uwp.edu.HW4UITests";
				PRODUCT_NAME = "$(TARGET_NAME)";
				SWIFT_VERSION = 5.0;
				TARGETED_DEVICE_FAMILY = "1,2";
				TEST_TARGET_NAME = HW4;
			};
			name = Debug;
		};
		8269376F22560D1700AEAD82 /* Release */ = {
			isa = XCBuildConfiguration;
			buildSettings = {
				ALWAYS_EMBED_SWIFT_STANDARD_LIBRARIES = YES;
				CODE_SIGN_STYLE = Automatic;
				DEVELOPMENT_TEAM = 36N54NDT4Q;
				INFOPLIST_FILE = HW4UITests/Info.plist;
				LD_RUNPATH_SEARCH_PATHS = (
					"$(inherited)",
					"@executable_path/Frameworks",
					"@loader_path/Frameworks",
				);
				PRODUCT_BUNDLE_IDENTIFIER = "marti265-rangers.uwp.edu.HW4UITests";
				PRODUCT_NAME = "$(TARGET_NAME)";
				SWIFT_VERSION = 5.0;
				TARGETED_DEVICE_FAMILY = "1,2";
				TEST_TARGET_NAME = HW4;
			};
			name = Release;
		};
/* End XCBuildConfiguration section */

/* Begin XCConfigurationList section */
		8269373A22560D1600AEAD82 /* Build configuration list for PBXProject "HW4" */ = {
			isa = XCConfigurationList;
			buildConfigurations = (
				8269376522560D1700AEAD82 /* Debug */,
				8269376622560D1700AEAD82 /* Release */,
			);
			defaultConfigurationIsVisible = 0;
			defaultConfigurationName = Release;
		};
		8269376722560D1700AEAD82 /* Build configuration list for PBXNativeTarget "HW4" */ = {
			isa = XCConfigurationList;
			buildConfigurations = (
				8269376822560D1700AEAD82 /* Debug */,
				8269376922560D1700AEAD82 /* Release */,
			);
			defaultConfigurationIsVisible = 0;
			defaultConfigurationName = Release;
		};
		8269376A22560D1700AEAD82 /* Build configuration list for PBXNativeTarget "HW4Tests" */ = {
			isa = XCConfigurationList;
			buildConfigurations = (
				8269376B22560D1700AEAD82 /* Debug */,
				8269376C22560D1700AEAD82 /* Release */,
			);
			defaultConfigurationIsVisible = 0;
			defaultConfigurationName = Release;
		};
		8269376D22560D1700AEAD82 /* Build configuration list for PBXNativeTarget "HW4UITests" */ = {
			isa = XCConfigurationList;
			buildConfigurations = (
				8269376E22560D1700AEAD82 /* Debug */,
				8269376F22560D1700AEAD82 /* Release */,
			);
			defaultConfigurationIsVisible = 0;
			defaultConfigurationName = Release;
		};
/* End XCConfigurationList section */
	};
	rootObject = 8269373722560D1600AEAD82 /* Project object */;
}
